[root]
name = "test-conduit"
version = "0.1.0"
dependencies = [
 "civet 0.8.1 (registry+https://github.com/rust-lang/crates.io-index)",
 "conduit 0.7.4 (registry+https://github.com/rust-lang/crates.io-index)",
 "conduit-router 0.7.3 (registry+https://github.com/rust-lang/crates.io-index)",
]

[[package]]
name = "civet"
version = "0.8.1"
source = "registry+https://github.com/rust-lang/crates.io-index"
dependencies = [
 "civet-sys 0.1.4 (registry+https://github.com/rust-lang/crates.io-index)",
 "conduit 0.7.4 (registry+https://github.com/rust-lang/crates.io-index)",
 "libc 0.2.2 (registry+https://github.com/rust-lang/crates.io-index)",
 "semver 0.2.0 (registry+https://github.com/rust-lang/crates.io-index)",
]

[[package]]
name = "civet-sys"
version = "0.1.4"
source = "registry+https://github.com/rust-lang/crates.io-index"

[[package]]
name = "conduit"
version = "0.7.4"
source = "registry+https://github.com/rust-lang/crates.io-index"
dependencies = [
 "semver 0.2.0 (registry+https://github.com/rust-lang/crates.io-index)",
]

[[package]]
name = "conduit-router"
version = "0.7.3"
source = "registry+https://github.com/rust-lang/crates.io-index"
dependencies = [
 "conduit 0.7.4 (registry+https://github.com/rust-lang/crates.io-index)",
 "route-recognizer 0.1.11 (registry+https://github.com/rust-lang/crates.io-index)",
 "semver 0.2.0 (registry+https://github.com/rust-lang/crates.io-index)",
]

[[package]]
name = "libc"
version = "0.2.2"
source = "registry+https://github.com/rust-lang/crates.io-index"

[[package]]
name = "route-recognizer"
version = "0.1.11"
source = "registry+https://github.com/rust-lang/crates.io-index"

[[package]]
name = "semver"
version = "0.2.0"
source = "registry+https://github.com/rust-lang/crates.io-index"

