%{"erlzk": {:git, "git://github.com/huaban/erlzk.git", "a005aab956e88686d8d9e719cb3937ae91c98b68", [ref: "a005aab956e88686d8d9e719cb3937ae91c98b68"]},
  "uuid": {:hex, :uuid, "0.1.5"},
  "zookeeper": {:git, "git://github.com/vishnevskiy/zookeeper-elixir.git", "83b9efa6a93135e4d745e500d04ffa22e3cb781d", []}}
