{
  "name": "testnact",
  "version": "0.1.0",
  "lockfileVersion": 1,
  "requires": true,
  "dependencies": {
    "bs-platform": {
      "version": "2.1.0",
      "resolved": "https://registry.npmjs.org/bs-platform/-/bs-platform-2.1.0.tgz",
      "integrity": "sha1-Y1YP+PcULJwGMVWd8cNVkLn22LI=",
      "dev": true
    },
    "deep-freeze-node": {
      "version": "1.1.3",
      "resolved": "https://registry.npmjs.org/deep-freeze-node/-/deep-freeze-node-1.1.3.tgz",
      "integrity": "sha512-CrA+1BVGfs9ZrGFMYtHfFHncWivh9XPb+6g8bLOzYPJmW8FmUs1dXLjALzU1SMqOMdoD5pQJARXtzxfeLqE9HQ=="
    },
    "denque": {
      "version": "1.2.2",
      "resolved": "https://registry.npmjs.org/denque/-/denque-1.2.2.tgz",
      "integrity": "sha512-x92Ql74lcTbGylXILO9Xf9S0cMpEPP04zVp2bB9e2C7G/n/Q1SgLl78RaSYEPSgpDX9uLgQXCEGAS5BI5dP3yA=="
    },
    "nact": {
      "version": "4.3.0",
      "resolved": "https://registry.npmjs.org/nact/-/nact-4.3.0.tgz",
      "integrity": "sha512-AZV+sNlKW6oFGroUrq+O5cOYOrs0RY8i2Bb0NeV1+32nULviIcA3EhMwKS020GThLT6FxMbrqw0rKj2xuLiF3w==",
      "requires": {
        "deep-freeze-node": "1.1.3",
        "denque": "1.2.2",
        "rxjs": "5.5.6"
      }
    },
    "reason-nact": {
      "version": "1.0.1",
      "resolved": "https://registry.npmjs.org/reason-nact/-/reason-nact-1.0.1.tgz",
      "integrity": "sha512-QautQFzYGgtJh3mQYnls5QCd3zFrcWJ5U1WbesIGzdQtad0y/xgHqrvBqXVqxPpOvHDw+IfqMXsn92a8N19SwQ==",
      "requires": {
        "nact": "4.3.0"
      }
    },
    "rxjs": {
      "version": "5.5.6",
      "resolved": "https://registry.npmjs.org/rxjs/-/rxjs-5.5.6.tgz",
      "integrity": "sha512-v4Q5HDC0FHAQ7zcBX7T2IL6O5ltl1a2GX4ENjPXg6SjDY69Cmx9v4113C99a4wGF16ClPv5Z8mghuYorVkg/kg==",
      "requires": {
        "symbol-observable": "1.0.1"
      }
    },
    "symbol-observable": {
      "version": "1.0.1",
      "resolved": "https://registry.npmjs.org/symbol-observable/-/symbol-observable-1.0.1.tgz",
      "integrity": "sha1-g0D8RwLDEi310iKI+IKD9RPT/dQ="
    }
  }
}
